
Microsoft Visual Studio Solution File, Format Version 12.00
# Visual Studio 15
VisualStudioVersion = 15.0.27703.2035
MinimumVisualStudioVersion = 10.0.40219.1
Project("{9A19103F-16F7-4668-BE54-9A1E7A4F7556}") = "Sample.Core.Identity.Data", "Sample.Core.Identity.Data\Sample.Core.Identity.Data.csproj", "{9DCA9D91-A80F-4E70-9AB3-811D06A90FC9}"
EndProject
Project("{9A19103F-16F7-4668-BE54-9A1E7A4F7556}") = "Sample.Core.Identity.Api", "Sample.Core.Identity.Api\Sample.Core.Identity.Api.csproj", "{64EA726E-5625-4BA2-B6DE-14AA6BBAF088}"
EndProject
Project("{9A19103F-16F7-4668-BE54-9A1E7A4F7556}") = "Sample.Core.Resource.Api", "Sample.Core.Resource.Api\Sample.Core.Resource.Api.csproj", "{A7E76B57-AB1D-4D05-B28C-ADDC7DCF602F}"
EndProject
Project("{9A19103F-16F7-4668-BE54-9A1E7A4F7556}") = "Sample.Core.Identity.Asymetric.Api", "Sample.Core.Identity.Asymetric.Api\Sample.Core.Identity.Asymetric.Api.csproj", "{E26EC119-59AB-447A-9114-BC46C500E565}"
EndProject
Project("{9A19103F-16F7-4668-BE54-9A1E7A4F7556}") = "Sample.Core.Resource.Asymetric.Api", "Sample.Core.Resource.Asymetric.Api\Sample.Core.Resource.Asymetric.Api.csproj", "{B2F88436-E252-4633-ADB6-A6A6ABEDCF6E}"
EndProject
Global
	GlobalSection(SolutionConfigurationPlatforms) = preSolution
		Debug|Any CPU = Debug|Any CPU
		Release|Any CPU = Release|Any CPU
	EndGlobalSection
	GlobalSection(ProjectConfigurationPlatforms) = postSolution
		{9DCA9D91-A80F-4E70-9AB3-811D06A90FC9}.Debug|Any CPU.ActiveCfg = Debug|Any CPU
		{9DCA9D91-A80F-4E70-9AB3-811D06A90FC9}.Debug|Any CPU.Build.0 = Debug|Any CPU
		{9DCA9D91-A80F-4E70-9AB3-811D06A90FC9}.Release|Any CPU.ActiveCfg = Release|Any CPU
		{9DCA9D91-A80F-4E70-9AB3-811D06A90FC9}.Release|Any CPU.Build.0 = Release|Any CPU
		{64EA726E-5625-4BA2-B6DE-14AA6BBAF088}.Debug|Any CPU.ActiveCfg = Debug|Any CPU
		{64EA726E-5625-4BA2-B6DE-14AA6BBAF088}.Debug|Any CPU.Build.0 = Debug|Any CPU
		{64EA726E-5625-4BA2-B6DE-14AA6BBAF088}.Release|Any CPU.ActiveCfg = Release|Any CPU
		{64EA726E-5625-4BA2-B6DE-14AA6BBAF088}.Release|Any CPU.Build.0 = Release|Any CPU
		{A7E76B57-AB1D-4D05-B28C-ADDC7DCF602F}.Debug|Any CPU.ActiveCfg = Debug|Any CPU
		{A7E76B57-AB1D-4D05-B28C-ADDC7DCF602F}.Debug|Any CPU.Build.0 = Debug|Any CPU
		{A7E76B57-AB1D-4D05-B28C-ADDC7DCF602F}.Release|Any CPU.ActiveCfg = Release|Any CPU
		{A7E76B57-AB1D-4D05-B28C-ADDC7DCF602F}.Release|Any CPU.Build.0 = Release|Any CPU
		{E26EC119-59AB-447A-9114-BC46C500E565}.Debug|Any CPU.ActiveCfg = Debug|Any CPU
		{E26EC119-59AB-447A-9114-BC46C500E565}.Debug|Any CPU.Build.0 = Debug|Any CPU
		{E26EC119-59AB-447A-9114-BC46C500E565}.Release|Any CPU.ActiveCfg = Release|Any CPU
		{E26EC119-59AB-447A-9114-BC46C500E565}.Release|Any CPU.Build.0 = Release|Any CPU
		{B2F88436-E252-4633-ADB6-A6A6ABEDCF6E}.Debug|Any CPU.ActiveCfg = Debug|Any CPU
		{B2F88436-E252-4633-ADB6-A6A6ABEDCF6E}.Debug|Any CPU.Build.0 = Debug|Any CPU
		{B2F88436-E252-4633-ADB6-A6A6ABEDCF6E}.Release|Any CPU.ActiveCfg = Release|Any CPU
		{B2F88436-E252-4633-ADB6-A6A6ABEDCF6E}.Release|Any CPU.Build.0 = Release|Any CPU
	EndGlobalSection
	GlobalSection(SolutionProperties) = preSolution
		HideSolutionNode = FALSE
	EndGlobalSection
	GlobalSection(ExtensibilityGlobals) = postSolution
		SolutionGuid = {63555762-E37D-418F-B0CB-E97888B8A0CB}
	EndGlobalSection
EndGlobal
